
Microsoft Visual Studio Solution File, Format Version 12.00
# Visual Studio Version 16
VisualStudioVersion = 16.0.30711.63
MinimumVisualStudioVersion = 10.0.40219.1
Project("{FAE04EC0-301F-11D3-BF4B-00C04F79EFBC}") = "RazorPages", "RazorPages\RazorPages.csproj", "{7E88D6D5-620D-44BE-8684-AADC2BA6F7FE}"
EndProject
Project("{FAE04EC0-301F-11D3-BF4B-00C04F79EFBC}") = "MVC", "MVC\MVC.csproj", "{106EAE5A-6246-4576-8772-BB2CDEE56FDE}"
EndProject
Project("{FAE04EC0-301F-11D3-BF4B-00C04F79EFBC}") = "WebAPI", "WebAPI\WebAPI.csproj", "{16C4A66F-DBF8-4151-ACFD-10B7DD02BA7B}"
EndProject
Project("{FAE04EC0-301F-11D3-BF4B-00C04F79EFBC}") = "BlazorServer", "BlazorServer\BlazorServer.csproj", "{3C681584-40A7-4783-B6D2-541354DFCF62}"
EndProject
Project("{FAE04EC0-301F-11D3-BF4B-00C04F79EFBC}") = "BlazorClient", "BlazorClient\BlazorClient.csproj", "{8A864623-B0B1-4FC5-A8B8-334C881EF807}"
EndProject
Global
	GlobalSection(SolutionConfigurationPlatforms) = preSolution
		Debug|Any CPU = Debug|Any CPU
		Release|Any CPU = Release|Any CPU
	EndGlobalSection
	GlobalSection(ProjectConfigurationPlatforms) = postSolution
		{7E88D6D5-620D-44BE-8684-AADC2BA6F7FE}.Debug|Any CPU.ActiveCfg = Debug|Any CPU
		{7E88D6D5-620D-44BE-8684-AADC2BA6F7FE}.Debug|Any CPU.Build.0 = Debug|Any CPU
		{7E88D6D5-620D-44BE-8684-AADC2BA6F7FE}.Release|Any CPU.ActiveCfg = Release|Any CPU
		{7E88D6D5-620D-44BE-8684-AADC2BA6F7FE}.Release|Any CPU.Build.0 = Release|Any CPU
		{106EAE5A-6246-4576-8772-BB2CDEE56FDE}.Debug|Any CPU.ActiveCfg = Debug|Any CPU
		{106EAE5A-6246-4576-8772-BB2CDEE56FDE}.Debug|Any CPU.Build.0 = Debug|Any CPU
		{106EAE5A-6246-4576-8772-BB2CDEE56FDE}.Release|Any CPU.ActiveCfg = Release|Any CPU
		{106EAE5A-6246-4576-8772-BB2CDEE56FDE}.Release|Any CPU.Build.0 = Release|Any CPU
		{16C4A66F-DBF8-4151-ACFD-10B7DD02BA7B}.Debug|Any CPU.ActiveCfg = Debug|Any CPU
		{16C4A66F-DBF8-4151-ACFD-10B7DD02BA7B}.Debug|Any CPU.Build.0 = Debug|Any CPU
		{16C4A66F-DBF8-4151-ACFD-10B7DD02BA7B}.Release|Any CPU.ActiveCfg = Release|Any CPU
		{16C4A66F-DBF8-4151-ACFD-10B7DD02BA7B}.Release|Any CPU.Build.0 = Release|Any CPU
		{3C681584-40A7-4783-B6D2-541354DFCF62}.Debug|Any CPU.ActiveCfg = Debug|Any CPU
		{3C681584-40A7-4783-B6D2-541354DFCF62}.Debug|Any CPU.Build.0 = Debug|Any CPU
		{3C681584-40A7-4783-B6D2-541354DFCF62}.Release|Any CPU.ActiveCfg = Release|Any CPU
		{3C681584-40A7-4783-B6D2-541354DFCF62}.Release|Any CPU.Build.0 = Release|Any CPU
		{8A864623-B0B1-4FC5-A8B8-334C881EF807}.Debug|Any CPU.ActiveCfg = Debug|Any CPU
		{8A864623-B0B1-4FC5-A8B8-334C881EF807}.Debug|Any CPU.Build.0 = Debug|Any CPU
		{8A864623-B0B1-4FC5-A8B8-334C881EF807}.Release|Any CPU.ActiveCfg = Release|Any CPU
		{8A864623-B0B1-4FC5-A8B8-334C881EF807}.Release|Any CPU.Build.0 = Release|Any CPU
	EndGlobalSection
	GlobalSection(SolutionProperties) = preSolution
		HideSolutionNode = FALSE
	EndGlobalSection
	GlobalSection(ExtensibilityGlobals) = postSolution
		SolutionGuid = {3C62BFF5-71CE-413E-9647-5318BB6A5E84}
	EndGlobalSection
EndGlobal
